// !$*UTF8*$!
{
	archiveVersion = 1;
	classes = {
	};
	objectVersion = 48;
	objects = {

/* Begin PBXBuildFile section */
		8D024D1F206D4FD500775298 /* DetailViewController.swift in Sources */ = {isa = PBXBuildFile; fileRef = 8D024D1E206D4FD500775298 /* DetailViewController.swift */; };
		8D04235C206DB99100A6D67A /* AboutAppViewController.swift in Sources */ = {isa = PBXBuildFile; fileRef = 8D04235B206DB99100A6D67A /* AboutAppViewController.swift */; };
		8D04235E206DB9A300A6D67A /* AboutAuthorViewController.swift in Sources */ = {isa = PBXBuildFile; fileRef = 8D04235D206DB9A300A6D67A /* AboutAuthorViewController.swift */; };
		8D042360206DBD1A00A6D67A /* html in Resources */ = {isa = PBXBuildFile; fileRef = 8D04235F206DBD1A00A6D67A /* html */; };
		8D759DD4206AAB750094DB7B /* AppDelegate.swift in Sources */ = {isa = PBXBuildFile; fileRef = 8D759DD3206AAB750094DB7B /* AppDelegate.swift */; };
		8D759DD9206AAB750094DB7B /* Main.storyboard in Resources */ = {isa = PBXBuildFile; fileRef = 8D759DD7206AAB750094DB7B /* Main.storyboard */; };
		8D759DDB206AAB750094DB7B /* Assets.xcassets in Resources */ = {isa = PBXBuildFile; fileRef = 8D759DDA206AAB750094DB7B /* Assets.xcassets */; };
		8D759DDE206AAB750094DB7B /* LaunchScreen.storyboard in Resources */ = {isa = PBXBuildFile; fileRef = 8D759DDC206AAB750094DB7B /* LaunchScreen.storyboard */; };
		8D759DE6206AAE610094DB7B /* Student.swift in Sources */ = {isa = PBXBuildFile; fileRef = 8D759DE5206AAE610094DB7B /* Student.swift */; };
		8D759DE8206AAE9C0094DB7B /* TableViewCell.swift in Sources */ = {isa = PBXBuildFile; fileRef = 8D759DE7206AAE9C0094DB7B /* TableViewCell.swift */; };
		8D759DEA206AAFD80094DB7B /* TableViewController.swift in Sources */ = {isa = PBXBuildFile; fileRef = 8D759DE9206AAFD80094DB7B /* TableViewController.swift */; };
/* End PBXBuildFile section */

/* Begin PBXFileReference section */
		8D024D1E206D4FD500775298 /* DetailViewController.swift */ = {isa = PBXFileReference; lastKnownFileType = sourcecode.swift; path = DetailViewController.swift; sourceTree = "<group>"; };
		8D04235B206DB99100A6D67A /* AboutAppViewController.swift */ = {isa = PBXFileReference; lastKnownFileType = sourcecode.swift; path = AboutAppViewController.swift; sourceTree = "<group>"; };
		8D04235D206DB9A300A6D67A /* AboutAuthorViewController.swift */ = {isa = PBXFileReference; lastKnownFileType = sourcecode.swift; path = AboutAuthorViewController.swift; sourceTree = "<group>"; };
		8D04235F206DBD1A00A6D67A /* html */ = {isa = PBXFileReference; lastKnownFileType = folder; path = html; sourceTree = "<group>"; };
		8D759DD0206AAB750094DB7B /* BHogan_StudentDir.app */ = {isa = PBXFileReference; explicitFileType = wrapper.application; includeInIndex = 0; path = BHogan_StudentDir.app; sourceTree = BUILT_PRODUCTS_DIR; };
		8D759DD3206AAB750094DB7B /* AppDelegate.swift */ = {isa = PBXFileReference; lastKnownFileType = sourcecode.swift; path = AppDelegate.swift; sourceTree = "<group>"; };
		8D759DD8206AAB750094DB7B /* Base */ = {isa = PBXFileReference; lastKnownFileType = file.storyboard; name = Base; path = Base.lproj/Main.storyboard; sourceTree = "<group>"; };
		8D759DDA206AAB750094DB7B /* Assets.xcassets */ = {isa = PBXFileReference; lastKnownFileType = folder.assetcatalog; path = Assets.xcassets; sourceTree = "<group>"; };
		8D759DDD206AAB750094DB7B /* Base */ = {isa = PBXFileReference; lastKnownFileType = file.storyboard; name = Base; path = Base.lproj/LaunchScreen.storyboard; sourceTree = "<group>"; };
		8D759DDF206AAB750094DB7B /* Info.plist */ = {isa = PBXFileReference; lastKnownFileType = text.plist.xml; path = Info.plist; sourceTree = "<group>"; };
		8D759DE5206AAE610094DB7B /* Student.swift */ = {isa = PBXFileReference; lastKnownFileType = sourcecode.swift; path = Student.swift; sourceTree = "<group>"; };
		8D759DE7206AAE9C0094DB7B /* TableViewCell.swift */ = {isa = PBXFileReference; lastKnownFileType = sourcecode.swift; path = TableViewCell.swift; sourceTree = "<group>"; };
		8D759DE9206AAFD80094DB7B /* TableViewController.swift */ = {isa = PBXFileReference; lastKnownFileType = sourcecode.swift; path = TableViewController.swift; sourceTree = "<group>"; };
/* End PBXFileReference section */

/* Begin PBXFrameworksBuildPhase section */
		8D759DCD206AAB750094DB7B /* Frameworks */ = {
			isa = PBXFrameworksBuildPhase;
			buildActionMask = 2147483647;
			files = (
			);
			runOnlyForDeploymentPostprocessing = 0;
		};
/* End PBXFrameworksBuildPhase section */

/* Begin PBXGroup section */
		8D759DC7206AAB750094DB7B = {
			isa = PBXGroup;
			children = (
				8D759DD2206AAB750094DB7B /* BHogan_StudentDir */,
				8D759DD1206AAB750094DB7B /* Products */,
			);
			sourceTree = "<group>";
		};
		8D759DD1206AAB750094DB7B /* Products */ = {
			isa = PBXGroup;
			children = (
				8D759DD0206AAB750094DB7B /* BHogan_StudentDir.app */,
			);
			name = Products;
			sourceTree = "<group>";
		};
		8D759DD2206AAB750094DB7B /* BHogan_StudentDir */ = {
			isa = PBXGroup;
			children = (
				8D759DD3206AAB750094DB7B /* AppDelegate.swift */,
				8D759DD7206AAB750094DB7B /* Main.storyboard */,
				8D024D1E206D4FD500775298 /* DetailViewController.swift */,
				8D04235B206DB99100A6D67A /* AboutAppViewController.swift */,
				8D04235D206DB9A300A6D67A /* AboutAuthorViewController.swift */,
				8D759DE9206AAFD80094DB7B /* TableViewController.swift */,
				8D759DDA206AAB750094DB7B /* Assets.xcassets */,
				8D759DDC206AAB750094DB7B /* LaunchScreen.storyboard */,
				8D759DDF206AAB750094DB7B /* Info.plist */,
				8D759DE5206AAE610094DB7B /* Student.swift */,
				8D759DE7206AAE9C0094DB7B /* TableViewCell.swift */,
				8D04235F206DBD1A00A6D67A /* html */,
			);
			path = BHogan_StudentDir;
			sourceTree = "<group>";
		};
/* End PBXGroup section */

/* Begin PBXNativeTarget section */
		8D759DCF206AAB750094DB7B /* BHogan_StudentDir */ = {
			isa = PBXNativeTarget;
			buildConfigurationList = 8D759DE2206AAB750094DB7B /* Build configuration list for PBXNativeTarget "BHogan_StudentDir" */;
			buildPhases = (
				8D759DCC206AAB750094DB7B /* Sources */,
				8D759DCD206AAB750094DB7B /* Frameworks */,
				8D759DCE206AAB750094DB7B /* Resources */,
			);
			buildRules = (
			);
			dependencies = (
			);
			name = BHogan_StudentDir;
			productName = BHogan_StudentDir;
			productReference = 8D759DD0206AAB750094DB7B /* BHogan_StudentDir.app */;
			productType = "com.apple.product-type.application";
		};
/* End PBXNativeTarget section */

/* Begin PBXProject section */
		8D759DC8206AAB750094DB7B /* Project object */ = {
			isa = PBXProject;
			attributes = {
				LastSwiftUpdateCheck = 0920;
				LastUpgradeCheck = 0920;
				ORGANIZATIONNAME = "Byron Hogan";
				TargetAttributes = {
					8D759DCF206AAB750094DB7B = {
						CreatedOnToolsVersion = 9.2;
						ProvisioningStyle = Automatic;
					};
				};
			};
			buildConfigurationList = 8D759DCB206AAB750094DB7B /* Build configuration list for PBXProject "BHogan_StudentDir" */;
			compatibilityVersion = "Xcode 8.0";
			developmentRegion = en;
			hasScannedForEncodings = 0;
			knownRegions = (
				en,
				Base,
			);
			mainGroup = 8D759DC7206AAB750094DB7B;
			productRefGroup = 8D759DD1206AAB750094DB7B /* Products */;
			projectDirPath = "";
			projectRoot = "";
			targets = (
				8D759DCF206AAB750094DB7B /* BHogan_StudentDir */,
			);
		};
/* End PBXProject section */

/* Begin PBXResourcesBuildPhase section */
		8D759DCE206AAB750094DB7B /* Resources */ = {
			isa = PBXResourcesBuildPhase;
			buildActionMask = 2147483647;
			files = (
				8D759DDE206AAB750094DB7B /* LaunchScreen.storyboard in Resources */,
				8D042360206DBD1A00A6D67A /* html in Resources */,
				8D759DDB206AAB750094DB7B /* Assets.xcassets in Resources */,
				8D759DD9206AAB750094DB7B /* Main.storyboard in Resources */,
			);
			runOnlyForDeploymentPostprocessing = 0;
		};
/* End PBXResourcesBuildPhase section */

/* Begin PBXSourcesBuildPhase section */
		8D759DCC206AAB750094DB7B /* Sources */ = {
			isa = PBXSourcesBuildPhase;
			buildActionMask = 2147483647;
			files = (
				8D04235E206DB9A300A6D67A /* AboutAuthorViewController.swift in Sources */,
				8D759DE8206AAE9C0094DB7B /* TableViewCell.swift in Sources */,
				8D759DE6206AAE610094DB7B /* Student.swift in Sources */,
				8D04235C206DB99100A6D67A /* AboutAppViewController.swift in Sources */,
				8D024D1F206D4FD500775298 /* DetailViewController.swift in Sources */,
				8D759DEA206AAFD80094DB7B /* TableViewController.swift in Sources */,
				8D759DD4206AAB750094DB7B /* AppDelegate.swift in Sources */,
			);
			runOnlyForDeploymentPostprocessing = 0;
		};
/* End PBXSourcesBuildPhase section */

/* Begin PBXVariantGroup section */
		8D759DD7206AAB750094DB7B /* Main.storyboard */ = {
			isa = PBXVariantGroup;
			children = (
				8D759DD8206AAB750094DB7B /* Base */,
			);
			name = Main.storyboard;
			sourceTree = "<group>";
		};
		8D759DDC206AAB750094DB7B /* LaunchScreen.storyboard */ = {
			isa = PBXVariantGroup;
			children = (
				8D759DDD206AAB750094DB7B /* Base */,
			);
			name = LaunchScreen.storyboard;
			sourceTree = "<group>";
		};
/* End PBXVariantGroup section */

/* Begin XCBuildConfiguration section */
		8D759DE0206AAB750094DB7B /* Debug */ = {
			isa = XCBuildConfiguration;
			buildSettings = {
				ALWAYS_SEARCH_USER_PATHS = NO;
				CLANG_ANALYZER_NONNULL = YES;
				CLANG_ANALYZER_NUMBER_OBJECT_CONVERSION = YES_AGGRESSIVE;
				CLANG_CXX_LANGUAGE_STANDARD = "gnu++14";
				CLANG_CXX_LIBRARY = "libc++";
				CLANG_ENABLE_MODULES = YES;
				CLANG_ENABLE_OBJC_ARC = YES;
				CLANG_WARN_BLOCK_CAPTURE_AUTORELEASING = YES;
				CLANG_WARN_BOOL_CONVERSION = YES;
				CLANG_WARN_COMMA = YES;
				CLANG_WARN_CONSTANT_CONVERSION = YES;
				CLANG_WARN_DIRECT_OBJC_ISA_USAGE = YES_ERROR;
				CLANG_WARN_DOCUMENTATION_COMMENTS = YES;
				CLANG_WARN_EMPTY_BODY = YES;
				CLANG_WARN_ENUM_CONVERSION = YES;
				CLANG_WARN_INFINITE_RECURSION = YES;
				CLANG_WARN_INT_CONVERSION = YES;
				CLANG_WARN_NON_LITERAL_NULL_CONVERSION = YES;
				CLANG_WARN_OBJC_LITERAL_CONVERSION = YES;
				CLANG_WARN_OBJC_ROOT_CLASS = YES_ERROR;
				CLANG_WARN_RANGE_LOOP_ANALYSIS = YES;
				CLANG_WARN_STRICT_PROTOTYPES = YES;
				CLANG_WARN_SUSPICIOUS_MOVE = YES;
				CLANG_WARN_UNGUARDED_AVAILABILITY = YES_AGGRESSIVE;
				CLANG_WARN_UNREACHABLE_CODE = YES;
				CLANG_WARN__DUPLICATE_METHOD_MATCH = YES;
				CODE_SIGN_IDENTITY = "iPhone Developer";
				COPY_PHASE_STRIP = NO;
				DEBUG_INFORMATION_FORMAT = dwarf;
				ENABLE_STRICT_OBJC_MSGSEND = YES;
				ENABLE_TESTABILITY = YES;
				GCC_C_LANGUAGE_STANDARD = gnu11;
				GCC_DYNAMIC_NO_PIC = NO;
				GCC_NO_COMMON_BLOCKS = YES;
				GCC_OPTIMIZATION_LEVEL = 0;
				GCC_PREPROCESSOR_DEFINITIONS = (
					"DEBUG=1",
					"$(inherited)",
				);
				GCC_WARN_64_TO_32_BIT_CONVERSION = YES;
				GCC_WARN_ABOUT_RETURN_TYPE = YES_ERROR;
				GCC_WARN_UNDECLARED_SELECTOR = YES;
				GCC_WARN_UNINITIALIZED_AUTOS = YES_AGGRESSIVE;
				GCC_WARN_UNUSED_FUNCTION = YES;
				GCC_WARN_UNUSED_VARIABLE = YES;
				IPHONEOS_DEPLOYMENT_TARGET = 11.2;
				MTL_ENABLE_DEBUG_INFO = YES;
				ONLY_ACTIVE_ARCH = YES;
				SDKROOT = iphoneos;
				SWIFT_ACTIVE_COMPILATION_CONDITIONS = DEBUG;
				SWIFT_OPTIMIZATION_LEVEL = "-Onone";
			};
			name = Debug;
		};
		8D759DE1206AAB750094DB7B /* Release */ = {
			isa = XCBuildConfiguration;
			buildSettings = {
				ALWAYS_SEARCH_USER_PATHS = NO;
				CLANG_ANALYZER_NONNULL = YES;
				CLANG_ANALYZER_NUMBER_OBJECT_CONVERSION = YES_AGGRESSIVE;
				CLANG_CXX_LANGUAGE_STANDARD = "gnu++14";
				CLANG_CXX_LIBRARY = "libc++";
				CLANG_ENABLE_MODULES = YES;
				CLANG_ENABLE_OBJC_ARC = YES;
				CLANG_WARN_BLOCK_CAPTURE_AUTORELEASING = YES;
				CLANG_WARN_BOOL_CONVERSION = YES;
				CLANG_WARN_COMMA = YES;
				CLANG_WARN_CONSTANT_CONVERSION = YES;
				CLANG_WARN_DIRECT_OBJC_ISA_USAGE = YES_ERROR;
				CLANG_WARN_DOCUMENTATION_COMMENTS = YES;
				CLANG_WARN_EMPTY_BODY = YES;
				CLANG_WARN_ENUM_CONVERSION = YES;
				CLANG_WARN_INFINITE_RECURSION = YES;
				CLANG_WARN_INT_CONVERSION = YES;
				CLANG_WARN_NON_LITERAL_NULL_CONVERSION = YES;
				CLANG_WARN_OBJC_LITERAL_CONVERSION = YES;
				CLANG_WARN_OBJC_ROOT_CLASS = YES_ERROR;
				CLANG_WARN_RANGE_LOOP_ANALYSIS = YES;
				CLANG_WARN_STRICT_PROTOTYPES = YES;
				CLANG_WARN_SUSPICIOUS_MOVE = YES;
				CLANG_WARN_UNGUARDED_AVAILABILITY = YES_AGGRESSIVE;
				CLANG_WARN_UNREACHABLE_CODE = YES;
				CLANG_WARN__DUPLICATE_METHOD_MATCH = YES;
				CODE_SIGN_IDENTITY = "iPhone Developer";
				COPY_PHASE_STRIP = NO;
				DEBUG_INFORMATION_FORMAT = "dwarf-with-dsym";
				ENABLE_NS_ASSERTIONS = NO;
				ENABLE_STRICT_OBJC_MSGSEND = YES;
				GCC_C_LANGUAGE_STANDARD = gnu11;
				GCC_NO_COMMON_BLOCKS = YES;
				GCC_WARN_64_TO_32_BIT_CONVERSION = YES;
				GCC_WARN_ABOUT_RETURN_TYPE = YES_ERROR;
				GCC_WARN_UNDECLARED_SELECTOR = YES;
				GCC_WARN_UNINITIALIZED_AUTOS = YES_AGGRESSIVE;
				GCC_WARN_UNUSED_FUNCTION = YES;
				GCC_WARN_UNUSED_VARIABLE = YES;
				IPHONEOS_DEPLOYMENT_TARGET = 11.2;
				MTL_ENABLE_DEBUG_INFO = NO;
				SDKROOT = iphoneos;
				SWIFT_OPTIMIZATION_LEVEL = "-Owholemodule";
				VALIDATE_PRODUCT = YES;
			};
			name = Release;
		};
		8D759DE3206AAB750094DB7B /* Debug */ = {
			isa = XCBuildConfiguration;
			buildSettings = {
				ASSETCATALOG_COMPILER_APPICON_NAME = AppIcon;
				CODE_SIGN_STYLE = Automatic;
				DEVELOPMENT_TEAM = S224WD5FPF;
				INFOPLIST_FILE = BHogan_StudentDir/Info.plist;
				IPHONEOS_DEPLOYMENT_TARGET = 11.1;
				LD_RUNPATH_SEARCH_PATHS = "$(inherited) @executable_path/Frameworks";
				PRODUCT_BUNDLE_IDENTIFIER = "edu.niu.cs.BHogan-StudentDir";
				PRODUCT_NAME = "$(TARGET_NAME)";
				SWIFT_VERSION = 4.0;
				TARGETED_DEVICE_FAMILY = 1;
			};
			name = Debug;
		};
		8D759DE4206AAB750094DB7B /* Release */ = {
			isa = XCBuildConfiguration;
			buildSettings = {
				ASSETCATALOG_COMPILER_APPICON_NAME = AppIcon;
				CODE_SIGN_STYLE = Automatic;
				DEVELOPMENT_TEAM = S224WD5FPF;
				INFOPLIST_FILE = BHogan_StudentDir/Info.plist;
				IPHONEOS_DEPLOYMENT_TARGET = 11.1;
				LD_RUNPATH_SEARCH_PATHS = "$(inherited) @executable_path/Frameworks";
				PRODUCT_BUNDLE_IDENTIFIER = "edu.niu.cs.BHogan-StudentDir";
				PRODUCT_NAME = "$(TARGET_NAME)";
				SWIFT_VERSION = 4.0;
				TARGETED_DEVICE_FAMILY = 1;
			};
			name = Release;
		};
/* End XCBuildConfiguration section */

/* Begin XCConfigurationList section */
		8D759DCB206AAB750094DB7B /* Build configuration list for PBXProject "BHogan_StudentDir" */ = {
			isa = XCConfigurationList;
			buildConfigurations = (
				8D759DE0206AAB750094DB7B /* Debug */,
				8D759DE1206AAB750094DB7B /* Release */,
			);
			defaultConfigurationIsVisible = 0;
			defaultConfigurationName = Release;
		};
		8D759DE2206AAB750094DB7B /* Build configuration list for PBXNativeTarget "BHogan_StudentDir" */ = {
			isa = XCConfigurationList;
			buildConfigurations = (
				8D759DE3206AAB750094DB7B /* Debug */,
				8D759DE4206AAB750094DB7B /* Release */,
			);
			defaultConfigurationIsVisible = 0;
			defaultConfigurationName = Release;
		};
/* End XCConfigurationList section */
	};
	rootObject = 8D759DC8206AAB750094DB7B /* Project object */;
}
